
Microsoft Visual Studio Solution File, Format Version 10.00
# Visual Studio 2008
Project("{FAE04EC0-301F-11D3-BF4B-00C04F79EFBC}") = "BTreeRangeEstimator", "BTreeRangeEstimator\BTreeRangeEstimator.csproj", "{C3E4A131-8F2C-4640-95C7-CAE2ADC54424}"
EndProject
Project("{FAE04EC0-301F-11D3-BF4B-00C04F79EFBC}") = "BTreeRangeEstimator.Test", "BTreeRangeEstimator.Test\BTreeRangeEstimator.Test.csproj", "{453A6B37-9356-4513-AC8E-017D8934BD23}"
EndProject
Project("{FAE04EC0-301F-11D3-BF4B-00C04F79EFBC}") = "BTreeRangeEstimator.Test2", "BTreeRangeEstimator.Test2\BTreeRangeEstimator.Test2.csproj", "{125E3316-24BE-4215-8DDA-B70A03F53504}"
EndProject
Global
	GlobalSection(TeamFoundationVersionControl) = preSolution
		SccNumberOfProjects = 4
		SccEnterpriseProvider = {4CA58AB2-18FA-4F8D-95D4-32DDF27D184C}
		SccTeamFoundationServer = http://tfs:8080/
		SccLocalPath0 = .
		SccProjectUniqueName1 = BTreeRangeEstimator\\BTreeRangeEstimator.csproj
		SccProjectName1 = BTreeRangeEstimator
		SccLocalPath1 = BTreeRangeEstimator
		SccProjectUniqueName2 = BTreeRangeEstimator.Test\\BTreeRangeEstimator.Test.csproj
		SccProjectName2 = BTreeRangeEstimator.Test
		SccLocalPath2 = BTreeRangeEstimator.Test
		SccProjectUniqueName3 = BTreeRangeEstimator.Test2\\BTreeRangeEstimator.Test2.csproj
		SccProjectName3 = BTreeRangeEstimator.Test2
		SccLocalPath3 = BTreeRangeEstimator.Test2
	EndGlobalSection
	GlobalSection(SolutionConfigurationPlatforms) = preSolution
		Debug|Any CPU = Debug|Any CPU
		Release|Any CPU = Release|Any CPU
	EndGlobalSection
	GlobalSection(ProjectConfigurationPlatforms) = postSolution
		{C3E4A131-8F2C-4640-95C7-CAE2ADC54424}.Debug|Any CPU.ActiveCfg = Debug|Any CPU
		{C3E4A131-8F2C-4640-95C7-CAE2ADC54424}.Debug|Any CPU.Build.0 = Debug|Any CPU
		{C3E4A131-8F2C-4640-95C7-CAE2ADC54424}.Release|Any CPU.ActiveCfg = Release|Any CPU
		{C3E4A131-8F2C-4640-95C7-CAE2ADC54424}.Release|Any CPU.Build.0 = Release|Any CPU
		{453A6B37-9356-4513-AC8E-017D8934BD23}.Debug|Any CPU.ActiveCfg = Debug|Any CPU
		{453A6B37-9356-4513-AC8E-017D8934BD23}.Debug|Any CPU.Build.0 = Debug|Any CPU
		{453A6B37-9356-4513-AC8E-017D8934BD23}.Release|Any CPU.ActiveCfg = Release|Any CPU
		{453A6B37-9356-4513-AC8E-017D8934BD23}.Release|Any CPU.Build.0 = Release|Any CPU
		{125E3316-24BE-4215-8DDA-B70A03F53504}.Debug|Any CPU.ActiveCfg = Debug|Any CPU
		{125E3316-24BE-4215-8DDA-B70A03F53504}.Debug|Any CPU.Build.0 = Debug|Any CPU
		{125E3316-24BE-4215-8DDA-B70A03F53504}.Release|Any CPU.ActiveCfg = Release|Any CPU
		{125E3316-24BE-4215-8DDA-B70A03F53504}.Release|Any CPU.Build.0 = Release|Any CPU
	EndGlobalSection
	GlobalSection(SolutionProperties) = preSolution
		HideSolutionNode = FALSE
	EndGlobalSection
EndGlobal
