
Microsoft Visual Studio Solution File, Format Version 11.00
# Visual Studio 2010
Project("{FAE04EC0-301F-11D3-BF4B-00C04F79EFBC}") = "QizmtEC2ServiceInit", "QizmtEC2ServiceInit\QizmtEC2ServiceInit.csproj", "{91C7D52C-065D-4366-89E7-8E23805A9894}"
EndProject
Project("{FAE04EC0-301F-11D3-BF4B-00C04F79EFBC}") = "QizmtEC2Service", "QizmtEC2Service\QizmtEC2Service.csproj", "{A102BB83-8163-4959-92BD-346696516702}"
EndProject
Global
	GlobalSection(TeamFoundationVersionControl) = preSolution
		SccNumberOfProjects = 3
		SccEnterpriseProvider = {4CA58AB2-18FA-4F8D-95D4-32DDF27D184C}
		SccTeamFoundationServer = http://tfs:8080/
		SccLocalPath0 = .
		SccProjectUniqueName1 = QizmtEC2ServiceInit\\QizmtEC2ServiceInit.csproj
		SccProjectName1 = QizmtEC2ServiceInit
		SccLocalPath1 = QizmtEC2ServiceInit
		SccProjectUniqueName2 = QizmtEC2Service\\QizmtEC2Service.csproj
		SccProjectName2 = QizmtEC2Service
		SccLocalPath2 = QizmtEC2Service
	EndGlobalSection
	GlobalSection(SolutionConfigurationPlatforms) = preSolution
		Debug|Any CPU = Debug|Any CPU
		Release|Any CPU = Release|Any CPU
	EndGlobalSection
	GlobalSection(ProjectConfigurationPlatforms) = postSolution
		{91C7D52C-065D-4366-89E7-8E23805A9894}.Debug|Any CPU.ActiveCfg = Debug|Any CPU
		{91C7D52C-065D-4366-89E7-8E23805A9894}.Debug|Any CPU.Build.0 = Debug|Any CPU
		{91C7D52C-065D-4366-89E7-8E23805A9894}.Release|Any CPU.ActiveCfg = Release|Any CPU
		{91C7D52C-065D-4366-89E7-8E23805A9894}.Release|Any CPU.Build.0 = Release|Any CPU
		{A102BB83-8163-4959-92BD-346696516702}.Debug|Any CPU.ActiveCfg = Debug|Any CPU
		{A102BB83-8163-4959-92BD-346696516702}.Debug|Any CPU.Build.0 = Debug|Any CPU
		{A102BB83-8163-4959-92BD-346696516702}.Release|Any CPU.ActiveCfg = Release|Any CPU
		{A102BB83-8163-4959-92BD-346696516702}.Release|Any CPU.Build.0 = Release|Any CPU
	EndGlobalSection
	GlobalSection(SolutionProperties) = preSolution
		HideSolutionNode = FALSE
	EndGlobalSection
EndGlobal
