
Microsoft Visual Studio Solution File, Format Version 11.00
# Visual Studio 2010
Project("{FAE04EC0-301F-11D3-BF4B-00C04F79EFBC}") = "QizmtEC2", "QizmtEC2\QizmtEC2.csproj", "{82E6943A-A3DC-484C-B511-6C9C3F257B5A}"
EndProject
Global
	GlobalSection(TeamFoundationVersionControl) = preSolution
		SccNumberOfProjects = 2
		SccEnterpriseProvider = {4CA58AB2-18FA-4F8D-95D4-32DDF27D184C}
		SccTeamFoundationServer = http://tfs:8080/
		SccLocalPath0 = .
		SccProjectUniqueName1 = QizmtEC2\\QizmtEC2.csproj
		SccProjectName1 = QizmtEC2
		SccLocalPath1 = QizmtEC2
	EndGlobalSection
	GlobalSection(SolutionConfigurationPlatforms) = preSolution
		Debug|Any CPU = Debug|Any CPU
		Release|Any CPU = Release|Any CPU
	EndGlobalSection
	GlobalSection(ProjectConfigurationPlatforms) = postSolution
		{82E6943A-A3DC-484C-B511-6C9C3F257B5A}.Debug|Any CPU.ActiveCfg = Debug|Any CPU
		{82E6943A-A3DC-484C-B511-6C9C3F257B5A}.Debug|Any CPU.Build.0 = Debug|Any CPU
		{82E6943A-A3DC-484C-B511-6C9C3F257B5A}.Release|Any CPU.ActiveCfg = Release|Any CPU
		{82E6943A-A3DC-484C-B511-6C9C3F257B5A}.Release|Any CPU.Build.0 = Release|Any CPU
	EndGlobalSection
	GlobalSection(SolutionProperties) = preSolution
		HideSolutionNode = FALSE
	EndGlobalSection
EndGlobal
